
Microsoft Visual Studio Solution File, Format Version 12.00
# Visual Studio 15
VisualStudioVersion = 15.0.28010.2026
MinimumVisualStudioVersion = 10.0.40219.1
Project("{FAE04EC0-301F-11D3-BF4B-00C04F79EFBC}") = "DAL", "FillerDBApp\DAL\DAL.csproj", "{FF956E03-F42B-4E05-BAA8-CADC211DA3D5}"
EndProject
Project("{FAE04EC0-301F-11D3-BF4B-00C04F79EFBC}") = "BL", "FillerDBApp\BL\BL.csproj", "{A255CA4F-DFE8-485C-894D-7B8332EE0C8D}"
EndProject
Project("{FAE04EC0-301F-11D3-BF4B-00C04F79EFBC}") = "UnitTests", "FillerDBApp\UnitTests\UnitTests.csproj", "{F9D2879C-3E3A-4E39-816F-172B826893DF}"
EndProject
Project("{FAE04EC0-301F-11D3-BF4B-00C04F79EFBC}") = "Common", "FillerDBApp\Common\Common.csproj", "{2E3080FF-7CCD-4A63-BAEF-77B2050EC2DF}"
EndProject
Project("{2150E333-8FDC-42A3-9474-1A3956D46DE8}") = "Backend", "Backend", "{7972FF10-25F2-45EC-9116-BC9850E2AC25}"
EndProject
Project("{FAE04EC0-301F-11D3-BF4B-00C04F79EFBC}") = "Detail_BL", "Detail_BL\Detail_BL.csproj", "{8144041A-5B8A-45A2-B1FF-544BAA2EFEB5}"
EndProject
Project("{FAE04EC0-301F-11D3-BF4B-00C04F79EFBC}") = "WebApi", "WebApi\WebApi.csproj", "{CAA21162-D0A2-4FE8-8FBD-9971E146F9DC}"
EndProject
Project("{FAE04EC0-301F-11D3-BF4B-00C04F79EFBC}") = "ServerStudio", "ServerStudio\ServerStudio.csproj", "{596B9839-80B4-4173-ABB1-886C86F1DDF6}"
EndProject
Global
	GlobalSection(SolutionConfigurationPlatforms) = preSolution
		Debug|Any CPU = Debug|Any CPU
		Release|Any CPU = Release|Any CPU
	EndGlobalSection
	GlobalSection(ProjectConfigurationPlatforms) = postSolution
		{FF956E03-F42B-4E05-BAA8-CADC211DA3D5}.Debug|Any CPU.ActiveCfg = Debug|Any CPU
		{FF956E03-F42B-4E05-BAA8-CADC211DA3D5}.Debug|Any CPU.Build.0 = Debug|Any CPU
		{FF956E03-F42B-4E05-BAA8-CADC211DA3D5}.Release|Any CPU.ActiveCfg = Release|Any CPU
		{FF956E03-F42B-4E05-BAA8-CADC211DA3D5}.Release|Any CPU.Build.0 = Release|Any CPU
		{A255CA4F-DFE8-485C-894D-7B8332EE0C8D}.Debug|Any CPU.ActiveCfg = Debug|Any CPU
		{A255CA4F-DFE8-485C-894D-7B8332EE0C8D}.Debug|Any CPU.Build.0 = Debug|Any CPU
		{A255CA4F-DFE8-485C-894D-7B8332EE0C8D}.Release|Any CPU.ActiveCfg = Release|Any CPU
		{A255CA4F-DFE8-485C-894D-7B8332EE0C8D}.Release|Any CPU.Build.0 = Release|Any CPU
		{F9D2879C-3E3A-4E39-816F-172B826893DF}.Debug|Any CPU.ActiveCfg = Debug|Any CPU
		{F9D2879C-3E3A-4E39-816F-172B826893DF}.Debug|Any CPU.Build.0 = Debug|Any CPU
		{F9D2879C-3E3A-4E39-816F-172B826893DF}.Release|Any CPU.ActiveCfg = Release|Any CPU
		{F9D2879C-3E3A-4E39-816F-172B826893DF}.Release|Any CPU.Build.0 = Release|Any CPU
		{2E3080FF-7CCD-4A63-BAEF-77B2050EC2DF}.Debug|Any CPU.ActiveCfg = Debug|Any CPU
		{2E3080FF-7CCD-4A63-BAEF-77B2050EC2DF}.Debug|Any CPU.Build.0 = Debug|Any CPU
		{2E3080FF-7CCD-4A63-BAEF-77B2050EC2DF}.Release|Any CPU.ActiveCfg = Release|Any CPU
		{2E3080FF-7CCD-4A63-BAEF-77B2050EC2DF}.Release|Any CPU.Build.0 = Release|Any CPU
		{8144041A-5B8A-45A2-B1FF-544BAA2EFEB5}.Debug|Any CPU.ActiveCfg = Debug|Any CPU
		{8144041A-5B8A-45A2-B1FF-544BAA2EFEB5}.Debug|Any CPU.Build.0 = Debug|Any CPU
		{8144041A-5B8A-45A2-B1FF-544BAA2EFEB5}.Release|Any CPU.ActiveCfg = Release|Any CPU
		{8144041A-5B8A-45A2-B1FF-544BAA2EFEB5}.Release|Any CPU.Build.0 = Release|Any CPU
		{CAA21162-D0A2-4FE8-8FBD-9971E146F9DC}.Debug|Any CPU.ActiveCfg = Debug|Any CPU
		{CAA21162-D0A2-4FE8-8FBD-9971E146F9DC}.Debug|Any CPU.Build.0 = Debug|Any CPU
		{CAA21162-D0A2-4FE8-8FBD-9971E146F9DC}.Release|Any CPU.ActiveCfg = Release|Any CPU
		{CAA21162-D0A2-4FE8-8FBD-9971E146F9DC}.Release|Any CPU.Build.0 = Release|Any CPU
		{596B9839-80B4-4173-ABB1-886C86F1DDF6}.Debug|Any CPU.ActiveCfg = Debug|Any CPU
		{596B9839-80B4-4173-ABB1-886C86F1DDF6}.Debug|Any CPU.Build.0 = Debug|Any CPU
		{596B9839-80B4-4173-ABB1-886C86F1DDF6}.Release|Any CPU.ActiveCfg = Release|Any CPU
		{596B9839-80B4-4173-ABB1-886C86F1DDF6}.Release|Any CPU.Build.0 = Release|Any CPU
	EndGlobalSection
	GlobalSection(SolutionProperties) = preSolution
		HideSolutionNode = FALSE
	EndGlobalSection
	GlobalSection(NestedProjects) = preSolution
		{FF956E03-F42B-4E05-BAA8-CADC211DA3D5} = {7972FF10-25F2-45EC-9116-BC9850E2AC25}
		{A255CA4F-DFE8-485C-894D-7B8332EE0C8D} = {7972FF10-25F2-45EC-9116-BC9850E2AC25}
		{F9D2879C-3E3A-4E39-816F-172B826893DF} = {7972FF10-25F2-45EC-9116-BC9850E2AC25}
		{2E3080FF-7CCD-4A63-BAEF-77B2050EC2DF} = {7972FF10-25F2-45EC-9116-BC9850E2AC25}
		{8144041A-5B8A-45A2-B1FF-544BAA2EFEB5} = {7972FF10-25F2-45EC-9116-BC9850E2AC25}
		{CAA21162-D0A2-4FE8-8FBD-9971E146F9DC} = {7972FF10-25F2-45EC-9116-BC9850E2AC25}
		{596B9839-80B4-4173-ABB1-886C86F1DDF6} = {7972FF10-25F2-45EC-9116-BC9850E2AC25}
	EndGlobalSection
	GlobalSection(ExtensibilityGlobals) = postSolution
		SolutionGuid = {C6539F7C-CD7F-4D9B-AB73-3527E1142116}
	EndGlobalSection
EndGlobal
